# This file is autogenerated, do not edit; changes may be undone by the next 'dep ensure'.


[[projects]]
  digest = "1:9ba0eb59815cf98e87796c0a9f26762bfde97cb9b70c4d22a67e2452ad1dd004"
  name = "github.com/aws/aws-sdk-go"
  packages = [
    "aws",
    "aws/awserr",
    "aws/awsutil",
    "aws/client",
    "aws/client/metadata",
    "aws/corehandlers",
    "aws/credentials",
    "aws/credentials/ec2rolecreds",
    "aws/credentials/endpointcreds",
    "aws/credentials/processcreds",
    "aws/credentials/stscreds",
    "aws/csm",
    "aws/defaults",
    "aws/ec2metadata",
    "aws/endpoints",
    "aws/request",
    "aws/session",
    "aws/signer/v4",
    "internal/ini",
    "internal/s3err",
    "internal/sdkio",
    "internal/sdkmath",
    "internal/sdkrand",
    "internal/sdkuri",
    "internal/shareddefaults",
    "private/protocol",
    "private/protocol/eventstream",
    "private/protocol/eventstream/eventstreamapi",
    "private/protocol/json/jsonutil",
    "private/protocol/query",
    "private/protocol/query/queryutil",
    "private/protocol/rest",
    "private/protocol/restxml",
    "private/protocol/xml/xmlutil",
    "service/s3",
    "service/s3/s3iface",
    "service/s3/s3manager",
    "service/sts",
    "service/sts/stsiface",
  ]
  pruneopts = "UT"
  revision = "44514743a8152d5959d045f906997c7152f46d14"
  version = "v1.25.43"

[[projects]]
  digest = "1:68ba771abe79aabffa40e4c5383553ca3c48d635011febd6c9b8db5cd499b8fd"
  name = "github.com/djthorpe/clubhouse-go"
  packages = ["."]
  pruneopts = "UT"
  revision = "64d77112b6d45b812238db4c2f1e856fca64fa74"
  version = "v2.0.13"

[[projects]]
  digest = "1:bb81097a5b62634f3e9fec1014657855610c82d19b9a40c17612e32651e35dca"
  name = "github.com/jmespath/go-jmespath"
  packages = ["."]
  pruneopts = "UT"
  revision = "c2b33e84"

[[projects]]
  branch = "master"
  digest = "1:01885a44fe48d72cd9873103ca8d1f25ac7562c7bfb83f201fee755f945c65ce"
  name = "github.com/jnormington/go-trello"
  packages = ["."]
  pruneopts = "UT"
  revision = "677fbcb806443b4edf521766ce7b1dcaa0839dd5"
  source = "github.com/BOPOHA/go-trello"

[[projects]]
  branch = "master"
  digest = "1:704c403e526df876f0ca24d3e381e0938783def9a2b1409e6ba1c24699c51f07"
  name = "github.com/tj/go-dropbox"
  packages = ["."]
  pruneopts = "UT"
  revision = "42dd2be3662d084396bbc756e04116fb30ba7ced"

[solve-meta]
  analyzer-name = "dep"
  analyzer-version = 1
  input-imports = [
    "github.com/aws/aws-sdk-go/aws",
    "github.com/aws/aws-sdk-go/aws/session",
    "github.com/aws/aws-sdk-go/service/s3",
    "github.com/aws/aws-sdk-go/service/s3/s3manager",
    "github.com/djthorpe/clubhouse-go",
    "github.com/jnormington/go-trello",
    "github.com/tj/go-dropbox",
  ]
  solver-name = "gps-cdcl"
  solver-version = 1
